
Microsoft Visual Studio Solution File, Format Version 12.00
# Visual Studio Version 17
VisualStudioVersion = 17.10.34916.146
MinimumVisualStudioVersion = 10.0.40219.1
Project("{FAE04EC0-301F-11D3-BF4B-00C04F79EFBC}") = "WindowsFormsAppMenu", "WindowsFormsAppMenu\WindowsFormsAppMenu.csproj", "{B028D8FD-C496-443E-BAA3-0CE64B7C9AA2}"
EndProject
Global
	GlobalSection(SolutionConfigurationPlatforms) = preSolution
		Debug|Any CPU = Debug|Any CPU
		Release|Any CPU = Release|Any CPU
	EndGlobalSection
	GlobalSection(ProjectConfigurationPlatforms) = postSolution
		{B028D8FD-C496-443E-BAA3-0CE64B7C9AA2}.Debug|Any CPU.ActiveCfg = Debug|Any CPU
		{B028D8FD-C496-443E-BAA3-0CE64B7C9AA2}.Debug|Any CPU.Build.0 = Debug|Any CPU
		{B028D8FD-C496-443E-BAA3-0CE64B7C9AA2}.Release|Any CPU.ActiveCfg = Release|Any CPU
		{B028D8FD-C496-443E-BAA3-0CE64B7C9AA2}.Release|Any CPU.Build.0 = Release|Any CPU
	EndGlobalSection
	GlobalSection(SolutionProperties) = preSolution
		HideSolutionNode = FALSE
	EndGlobalSection
	GlobalSection(ExtensibilityGlobals) = postSolution
		SolutionGuid = {C342BC9F-7079-4398-B57E-878EDEEBC8AD}
	EndGlobalSection
EndGlobal
